
Microsoft Visual Studio Solution File, Format Version 12.00
# Visual Studio 15
VisualStudioVersion = 15.0.27130.2036
MinimumVisualStudioVersion = 10.0.40219.1
Project("{FAE04EC0-301F-11D3-BF4B-00C04F79EFBC}") = "myTrainer.Android", "myTrainer\myTrainer.Android\myTrainer.Android.csproj", "{E22B05FE-5320-4640-9A02-A29FD58E1F88}"
EndProject
Project("{FAE04EC0-301F-11D3-BF4B-00C04F79EFBC}") = "myTrainer.iOS", "myTrainer\myTrainer.iOS\myTrainer.iOS.csproj", "{C435F11B-F7D8-4FF1-982A-D42DB3BB8076}"
EndProject
Project("{FAE04EC0-301F-11D3-BF4B-00C04F79EFBC}") = "myTrainer.UWP", "myTrainer\myTrainer.UWP\myTrainer.UWP.csproj", "{C47FA45A-9792-4BF6-BE7A-854D68962955}"
EndProject
Project("{FAE04EC0-301F-11D3-BF4B-00C04F79EFBC}") = "myTrainer", "myTrainer\myTrainer\myTrainer.csproj", "{05FDFC03-D87A-438C-B158-8D3C263FFB7A}"
EndProject
Global
	GlobalSection(SolutionConfigurationPlatforms) = preSolution
		Ad-Hoc|Any CPU = Ad-Hoc|Any CPU
		Ad-Hoc|ARM = Ad-Hoc|ARM
		Ad-Hoc|iPhone = Ad-Hoc|iPhone
		Ad-Hoc|iPhoneSimulator = Ad-Hoc|iPhoneSimulator
		Ad-Hoc|x64 = Ad-Hoc|x64
		Ad-Hoc|x86 = Ad-Hoc|x86
		AppStore|Any CPU = AppStore|Any CPU
		AppStore|ARM = AppStore|ARM
		AppStore|iPhone = AppStore|iPhone
		AppStore|iPhoneSimulator = AppStore|iPhoneSimulator
		AppStore|x64 = AppStore|x64
		AppStore|x86 = AppStore|x86
		Debug|Any CPU = Debug|Any CPU
		Debug|ARM = Debug|ARM
		Debug|iPhone = Debug|iPhone
		Debug|iPhoneSimulator = Debug|iPhoneSimulator
		Debug|x64 = Debug|x64
		Debug|x86 = Debug|x86
		Release|Any CPU = Release|Any CPU
		Release|ARM = Release|ARM
		Release|iPhone = Release|iPhone
		Release|iPhoneSimulator = Release|iPhoneSimulator
		Release|x64 = Release|x64
		Release|x86 = Release|x86
	EndGlobalSection
	GlobalSection(ProjectConfigurationPlatforms) = postSolution
		{E22B05FE-5320-4640-9A02-A29FD58E1F88}.Ad-Hoc|Any CPU.ActiveCfg = Release|Any CPU
		{E22B05FE-5320-4640-9A02-A29FD58E1F88}.Ad-Hoc|Any CPU.Build.0 = Release|Any CPU
		{E22B05FE-5320-4640-9A02-A29FD58E1F88}.Ad-Hoc|Any CPU.Deploy.0 = Release|Any CPU
		{E22B05FE-5320-4640-9A02-A29FD58E1F88}.Ad-Hoc|ARM.ActiveCfg = Release|Any CPU
		{E22B05FE-5320-4640-9A02-A29FD58E1F88}.Ad-Hoc|ARM.Build.0 = Release|Any CPU
		{E22B05FE-5320-4640-9A02-A29FD58E1F88}.Ad-Hoc|ARM.Deploy.0 = Release|Any CPU
		{E22B05FE-5320-4640-9A02-A29FD58E1F88}.Ad-Hoc|iPhone.ActiveCfg = Release|Any CPU
		{E22B05FE-5320-4640-9A02-A29FD58E1F88}.Ad-Hoc|iPhone.Build.0 = Release|Any CPU
		{E22B05FE-5320-4640-9A02-A29FD58E1F88}.Ad-Hoc|iPhone.Deploy.0 = Release|Any CPU
		{E22B05FE-5320-4640-9A02-A29FD58E1F88}.Ad-Hoc|iPhoneSimulator.ActiveCfg = Release|Any CPU
		{E22B05FE-5320-4640-9A02-A29FD58E1F88}.Ad-Hoc|iPhoneSimulator.Build.0 = Release|Any CPU
		{E22B05FE-5320-4640-9A02-A29FD58E1F88}.Ad-Hoc|iPhoneSimulator.Deploy.0 = Release|Any CPU
		{E22B05FE-5320-4640-9A02-A29FD58E1F88}.Ad-Hoc|x64.ActiveCfg = Release|Any CPU
		{E22B05FE-5320-4640-9A02-A29FD58E1F88}.Ad-Hoc|x64.Build.0 = Release|Any CPU
		{E22B05FE-5320-4640-9A02-A29FD58E1F88}.Ad-Hoc|x64.Deploy.0 = Release|Any CPU
		{E22B05FE-5320-4640-9A02-A29FD58E1F88}.Ad-Hoc|x86.ActiveCfg = Release|Any CPU
		{E22B05FE-5320-4640-9A02-A29FD58E1F88}.Ad-Hoc|x86.Build.0 = Release|Any CPU
		{E22B05FE-5320-4640-9A02-A29FD58E1F88}.Ad-Hoc|x86.Deploy.0 = Release|Any CPU
		{E22B05FE-5320-4640-9A02-A29FD58E1F88}.AppStore|Any CPU.ActiveCfg = Release|Any CPU
		{E22B05FE-5320-4640-9A02-A29FD58E1F88}.AppStore|Any CPU.Build.0 = Release|Any CPU
		{E22B05FE-5320-4640-9A02-A29FD58E1F88}.AppStore|Any CPU.Deploy.0 = Release|Any CPU
		{E22B05FE-5320-4640-9A02-A29FD58E1F88}.AppStore|ARM.ActiveCfg = Release|Any CPU
		{E22B05FE-5320-4640-9A02-A29FD58E1F88}.AppStore|ARM.Build.0 = Release|Any CPU
		{E22B05FE-5320-4640-9A02-A29FD58E1F88}.AppStore|ARM.Deploy.0 = Release|Any CPU
		{E22B05FE-5320-4640-9A02-A29FD58E1F88}.AppStore|iPhone.ActiveCfg = Release|Any CPU
		{E22B05FE-5320-4640-9A02-A29FD58E1F88}.AppStore|iPhone.Build.0 = Release|Any CPU
		{E22B05FE-5320-4640-9A02-A29FD58E1F88}.AppStore|iPhone.Deploy.0 = Release|Any CPU
		{E22B05FE-5320-4640-9A02-A29FD58E1F88}.AppStore|iPhoneSimulator.ActiveCfg = Release|Any CPU
		{E22B05FE-5320-4640-9A02-A29FD58E1F88}.AppStore|iPhoneSimulator.Build.0 = Release|Any CPU
		{E22B05FE-5320-4640-9A02-A29FD58E1F88}.AppStore|iPhoneSimulator.Deploy.0 = Release|Any CPU
		{E22B05FE-5320-4640-9A02-A29FD58E1F88}.AppStore|x64.ActiveCfg = Release|Any CPU
		{E22B05FE-5320-4640-9A02-A29FD58E1F88}.AppStore|x64.Build.0 = Release|Any CPU
		{E22B05FE-5320-4640-9A02-A29FD58E1F88}.AppStore|x64.Deploy.0 = Release|Any CPU
		{E22B05FE-5320-4640-9A02-A29FD58E1F88}.AppStore|x86.ActiveCfg = Release|Any CPU
		{E22B05FE-5320-4640-9A02-A29FD58E1F88}.AppStore|x86.Build.0 = Release|Any CPU
		{E22B05FE-5320-4640-9A02-A29FD58E1F88}.AppStore|x86.Deploy.0 = Release|Any CPU
		{E22B05FE-5320-4640-9A02-A29FD58E1F88}.Debug|Any CPU.ActiveCfg = Debug|Any CPU
		{E22B05FE-5320-4640-9A02-A29FD58E1F88}.Debug|Any CPU.Build.0 = Debug|Any CPU
		{E22B05FE-5320-4640-9A02-A29FD58E1F88}.Debug|Any CPU.Deploy.0 = Debug|Any CPU
		{E22B05FE-5320-4640-9A02-A29FD58E1F88}.Debug|ARM.ActiveCfg = Debug|Any CPU
		{E22B05FE-5320-4640-9A02-A29FD58E1F88}.Debug|ARM.Build.0 = Debug|Any CPU
		{E22B05FE-5320-4640-9A02-A29FD58E1F88}.Debug|ARM.Deploy.0 = Debug|Any CPU
		{E22B05FE-5320-4640-9A02-A29FD58E1F88}.Debug|iPhone.ActiveCfg = Debug|Any CPU
		{E22B05FE-5320-4640-9A02-A29FD58E1F88}.Debug|iPhone.Build.0 = Debug|Any CPU
		{E22B05FE-5320-4640-9A02-A29FD58E1F88}.Debug|iPhone.Deploy.0 = Debug|Any CPU
		{E22B05FE-5320-4640-9A02-A29FD58E1F88}.Debug|iPhoneSimulator.ActiveCfg = Debug|Any CPU
		{E22B05FE-5320-4640-9A02-A29FD58E1F88}.Debug|iPhoneSimulator.Build.0 = Debug|Any CPU
		{E22B05FE-5320-4640-9A02-A29FD58E1F88}.Debug|iPhoneSimulator.Deploy.0 = Debug|Any CPU
		{E22B05FE-5320-4640-9A02-A29FD58E1F88}.Debug|x64.ActiveCfg = Debug|Any CPU
		{E22B05FE-5320-4640-9A02-A29FD58E1F88}.Debug|x64.Build.0 = Debug|Any CPU
		{E22B05FE-5320-4640-9A02-A29FD58E1F88}.Debug|x64.Deploy.0 = Debug|Any CPU
		{E22B05FE-5320-4640-9A02-A29FD58E1F88}.Debug|x86.ActiveCfg = Debug|Any CPU
		{E22B05FE-5320-4640-9A02-A29FD58E1F88}.Debug|x86.Build.0 = Debug|Any CPU
		{E22B05FE-5320-4640-9A02-A29FD58E1F88}.Debug|x86.Deploy.0 = Debug|Any CPU
		{E22B05FE-5320-4640-9A02-A29FD58E1F88}.Release|Any CPU.ActiveCfg = Release|Any CPU
		{E22B05FE-5320-4640-9A02-A29FD58E1F88}.Release|Any CPU.Build.0 = Release|Any CPU
		{E22B05FE-5320-4640-9A02-A29FD58E1F88}.Release|Any CPU.Deploy.0 = Release|Any CPU
		{E22B05FE-5320-4640-9A02-A29FD58E1F88}.Release|ARM.ActiveCfg = Release|Any CPU
		{E22B05FE-5320-4640-9A02-A29FD58E1F88}.Release|ARM.Build.0 = Release|Any CPU
		{E22B05FE-5320-4640-9A02-A29FD58E1F88}.Release|ARM.Deploy.0 = Release|Any CPU
		{E22B05FE-5320-4640-9A02-A29FD58E1F88}.Release|iPhone.ActiveCfg = Release|Any CPU
		{E22B05FE-5320-4640-9A02-A29FD58E1F88}.Release|iPhone.Build.0 = Release|Any CPU
		{E22B05FE-5320-4640-9A02-A29FD58E1F88}.Release|iPhone.Deploy.0 = Release|Any CPU
		{E22B05FE-5320-4640-9A02-A29FD58E1F88}.Release|iPhoneSimulator.ActiveCfg = Release|Any CPU
		{E22B05FE-5320-4640-9A02-A29FD58E1F88}.Release|iPhoneSimulator.Build.0 = Release|Any CPU
		{E22B05FE-5320-4640-9A02-A29FD58E1F88}.Release|iPhoneSimulator.Deploy.0 = Release|Any CPU
		{E22B05FE-5320-4640-9A02-A29FD58E1F88}.Release|x64.ActiveCfg = Release|Any CPU
		{E22B05FE-5320-4640-9A02-A29FD58E1F88}.Release|x64.Build.0 = Release|Any CPU
		{E22B05FE-5320-4640-9A02-A29FD58E1F88}.Release|x64.Deploy.0 = Release|Any CPU
		{E22B05FE-5320-4640-9A02-A29FD58E1F88}.Release|x86.ActiveCfg = Release|Any CPU
		{E22B05FE-5320-4640-9A02-A29FD58E1F88}.Release|x86.Build.0 = Release|Any CPU
		{E22B05FE-5320-4640-9A02-A29FD58E1F88}.Release|x86.Deploy.0 = Release|Any CPU
		{C435F11B-F7D8-4FF1-982A-D42DB3BB8076}.Ad-Hoc|Any CPU.ActiveCfg = Ad-Hoc|iPhone
		{C435F11B-F7D8-4FF1-982A-D42DB3BB8076}.Ad-Hoc|ARM.ActiveCfg = Ad-Hoc|iPhone
		{C435F11B-F7D8-4FF1-982A-D42DB3BB8076}.Ad-Hoc|iPhone.ActiveCfg = Ad-Hoc|iPhone
		{C435F11B-F7D8-4FF1-982A-D42DB3BB8076}.Ad-Hoc|iPhone.Build.0 = Ad-Hoc|iPhone
		{C435F11B-F7D8-4FF1-982A-D42DB3BB8076}.Ad-Hoc|iPhoneSimulator.ActiveCfg = Ad-Hoc|iPhoneSimulator
		{C435F11B-F7D8-4FF1-982A-D42DB3BB8076}.Ad-Hoc|iPhoneSimulator.Build.0 = Ad-Hoc|iPhoneSimulator
		{C435F11B-F7D8-4FF1-982A-D42DB3BB8076}.Ad-Hoc|x64.ActiveCfg = Ad-Hoc|iPhone
		{C435F11B-F7D8-4FF1-982A-D42DB3BB8076}.Ad-Hoc|x86.ActiveCfg = Ad-Hoc|iPhone
		{C435F11B-F7D8-4FF1-982A-D42DB3BB8076}.AppStore|Any CPU.ActiveCfg = AppStore|iPhone
		{C435F11B-F7D8-4FF1-982A-D42DB3BB8076}.AppStore|ARM.ActiveCfg = AppStore|iPhone
		{C435F11B-F7D8-4FF1-982A-D42DB3BB8076}.AppStore|iPhone.ActiveCfg = AppStore|iPhone
		{C435F11B-F7D8-4FF1-982A-D42DB3BB8076}.AppStore|iPhone.Build.0 = AppStore|iPhone
		{C435F11B-F7D8-4FF1-982A-D42DB3BB8076}.AppStore|iPhoneSimulator.ActiveCfg = AppStore|iPhoneSimulator
		{C435F11B-F7D8-4FF1-982A-D42DB3BB8076}.AppStore|iPhoneSimulator.Build.0 = AppStore|iPhoneSimulator
		{C435F11B-F7D8-4FF1-982A-D42DB3BB8076}.AppStore|x64.ActiveCfg = AppStore|iPhone
		{C435F11B-F7D8-4FF1-982A-D42DB3BB8076}.AppStore|x86.ActiveCfg = AppStore|iPhone
		{C435F11B-F7D8-4FF1-982A-D42DB3BB8076}.Debug|Any CPU.ActiveCfg = Debug|iPhone
		{C435F11B-F7D8-4FF1-982A-D42DB3BB8076}.Debug|ARM.ActiveCfg = Debug|iPhone
		{C435F11B-F7D8-4FF1-982A-D42DB3BB8076}.Debug|iPhone.ActiveCfg = Debug|iPhone
		{C435F11B-F7D8-4FF1-982A-D42DB3BB8076}.Debug|iPhone.Build.0 = Debug|iPhone
		{C435F11B-F7D8-4FF1-982A-D42DB3BB8076}.Debug|iPhoneSimulator.ActiveCfg = Debug|iPhoneSimulator
		{C435F11B-F7D8-4FF1-982A-D42DB3BB8076}.Debug|iPhoneSimulator.Build.0 = Debug|iPhoneSimulator
		{C435F11B-F7D8-4FF1-982A-D42DB3BB8076}.Debug|x64.ActiveCfg = Debug|iPhone
		{C435F11B-F7D8-4FF1-982A-D42DB3BB8076}.Debug|x86.ActiveCfg = Debug|iPhone
		{C435F11B-F7D8-4FF1-982A-D42DB3BB8076}.Release|Any CPU.ActiveCfg = Release|iPhone
		{C435F11B-F7D8-4FF1-982A-D42DB3BB8076}.Release|ARM.ActiveCfg = Release|iPhone
		{C435F11B-F7D8-4FF1-982A-D42DB3BB8076}.Release|iPhone.ActiveCfg = Release|iPhone
		{C435F11B-F7D8-4FF1-982A-D42DB3BB8076}.Release|iPhone.Build.0 = Release|iPhone
		{C435F11B-F7D8-4FF1-982A-D42DB3BB8076}.Release|iPhoneSimulator.ActiveCfg = Release|iPhoneSimulator
		{C435F11B-F7D8-4FF1-982A-D42DB3BB8076}.Release|iPhoneSimulator.Build.0 = Release|iPhoneSimulator
		{C435F11B-F7D8-4FF1-982A-D42DB3BB8076}.Release|x64.ActiveCfg = Release|iPhone
		{C435F11B-F7D8-4FF1-982A-D42DB3BB8076}.Release|x86.ActiveCfg = Release|iPhone
		{C47FA45A-9792-4BF6-BE7A-854D68962955}.Ad-Hoc|Any CPU.ActiveCfg = Release|x86
		{C47FA45A-9792-4BF6-BE7A-854D68962955}.Ad-Hoc|Any CPU.Build.0 = Release|x86
		{C47FA45A-9792-4BF6-BE7A-854D68962955}.Ad-Hoc|Any CPU.Deploy.0 = Release|x86
		{C47FA45A-9792-4BF6-BE7A-854D68962955}.Ad-Hoc|ARM.ActiveCfg = Release|ARM
		{C47FA45A-9792-4BF6-BE7A-854D68962955}.Ad-Hoc|ARM.Build.0 = Release|ARM
		{C47FA45A-9792-4BF6-BE7A-854D68962955}.Ad-Hoc|ARM.Deploy.0 = Release|ARM
		{C47FA45A-9792-4BF6-BE7A-854D68962955}.Ad-Hoc|iPhone.ActiveCfg = Release|x86
		{C47FA45A-9792-4BF6-BE7A-854D68962955}.Ad-Hoc|iPhone.Build.0 = Release|x86
		{C47FA45A-9792-4BF6-BE7A-854D68962955}.Ad-Hoc|iPhone.Deploy.0 = Release|x86
		{C47FA45A-9792-4BF6-BE7A-854D68962955}.Ad-Hoc|iPhoneSimulator.ActiveCfg = Release|x86
		{C47FA45A-9792-4BF6-BE7A-854D68962955}.Ad-Hoc|iPhoneSimulator.Build.0 = Release|x86
		{C47FA45A-9792-4BF6-BE7A-854D68962955}.Ad-Hoc|iPhoneSimulator.Deploy.0 = Release|x86
		{C47FA45A-9792-4BF6-BE7A-854D68962955}.Ad-Hoc|x64.ActiveCfg = Release|x64
		{C47FA45A-9792-4BF6-BE7A-854D68962955}.Ad-Hoc|x64.Build.0 = Release|x64
		{C47FA45A-9792-4BF6-BE7A-854D68962955}.Ad-Hoc|x64.Deploy.0 = Release|x64
		{C47FA45A-9792-4BF6-BE7A-854D68962955}.Ad-Hoc|x86.ActiveCfg = Release|x86
		{C47FA45A-9792-4BF6-BE7A-854D68962955}.Ad-Hoc|x86.Build.0 = Release|x86
		{C47FA45A-9792-4BF6-BE7A-854D68962955}.Ad-Hoc|x86.Deploy.0 = Release|x86
		{C47FA45A-9792-4BF6-BE7A-854D68962955}.AppStore|Any CPU.ActiveCfg = Release|x86
		{C47FA45A-9792-4BF6-BE7A-854D68962955}.AppStore|Any CPU.Build.0 = Release|x86
		{C47FA45A-9792-4BF6-BE7A-854D68962955}.AppStore|Any CPU.Deploy.0 = Release|x86
		{C47FA45A-9792-4BF6-BE7A-854D68962955}.AppStore|ARM.ActiveCfg = Release|ARM
		{C47FA45A-9792-4BF6-BE7A-854D68962955}.AppStore|ARM.Build.0 = Release|ARM
		{C47FA45A-9792-4BF6-BE7A-854D68962955}.AppStore|ARM.Deploy.0 = Release|ARM
		{C47FA45A-9792-4BF6-BE7A-854D68962955}.AppStore|iPhone.ActiveCfg = Release|x86
		{C47FA45A-9792-4BF6-BE7A-854D68962955}.AppStore|iPhone.Build.0 = Release|x86
		{C47FA45A-9792-4BF6-BE7A-854D68962955}.AppStore|iPhone.Deploy.0 = Release|x86
		{C47FA45A-9792-4BF6-BE7A-854D68962955}.AppStore|iPhoneSimulator.ActiveCfg = Release|x86
		{C47FA45A-9792-4BF6-BE7A-854D68962955}.AppStore|iPhoneSimulator.Build.0 = Release|x86
		{C47FA45A-9792-4BF6-BE7A-854D68962955}.AppStore|iPhoneSimulator.Deploy.0 = Release|x86
		{C47FA45A-9792-4BF6-BE7A-854D68962955}.AppStore|x64.ActiveCfg = Release|x64
		{C47FA45A-9792-4BF6-BE7A-854D68962955}.AppStore|x64.Build.0 = Release|x64
		{C47FA45A-9792-4BF6-BE7A-854D68962955}.AppStore|x64.Deploy.0 = Release|x64
		{C47FA45A-9792-4BF6-BE7A-854D68962955}.AppStore|x86.ActiveCfg = Release|x86
		{C47FA45A-9792-4BF6-BE7A-854D68962955}.AppStore|x86.Build.0 = Release|x86
		{C47FA45A-9792-4BF6-BE7A-854D68962955}.AppStore|x86.Deploy.0 = Release|x86
		{C47FA45A-9792-4BF6-BE7A-854D68962955}.Debug|Any CPU.ActiveCfg = Debug|x86
		{C47FA45A-9792-4BF6-BE7A-854D68962955}.Debug|ARM.ActiveCfg = Debug|ARM
		{C47FA45A-9792-4BF6-BE7A-854D68962955}.Debug|ARM.Build.0 = Debug|ARM
		{C47FA45A-9792-4BF6-BE7A-854D68962955}.Debug|ARM.Deploy.0 = Debug|ARM
		{C47FA45A-9792-4BF6-BE7A-854D68962955}.Debug|iPhone.ActiveCfg = Debug|x86
		{C47FA45A-9792-4BF6-BE7A-854D68962955}.Debug|iPhoneSimulator.ActiveCfg = Debug|x86
		{C47FA45A-9792-4BF6-BE7A-854D68962955}.Debug|x64.ActiveCfg = Debug|x64
		{C47FA45A-9792-4BF6-BE7A-854D68962955}.Debug|x64.Build.0 = Debug|x64
		{C47FA45A-9792-4BF6-BE7A-854D68962955}.Debug|x64.Deploy.0 = Debug|x64
		{C47FA45A-9792-4BF6-BE7A-854D68962955}.Debug|x86.ActiveCfg = Debug|x86
		{C47FA45A-9792-4BF6-BE7A-854D68962955}.Debug|x86.Build.0 = Debug|x86
		{C47FA45A-9792-4BF6-BE7A-854D68962955}.Debug|x86.Deploy.0 = Debug|x86
		{C47FA45A-9792-4BF6-BE7A-854D68962955}.Release|Any CPU.ActiveCfg = Release|x86
		{C47FA45A-9792-4BF6-BE7A-854D68962955}.Release|ARM.ActiveCfg = Release|ARM
		{C47FA45A-9792-4BF6-BE7A-854D68962955}.Release|ARM.Build.0 = Release|ARM
		{C47FA45A-9792-4BF6-BE7A-854D68962955}.Release|ARM.Deploy.0 = Release|ARM
		{C47FA45A-9792-4BF6-BE7A-854D68962955}.Release|iPhone.ActiveCfg = Release|x86
		{C47FA45A-9792-4BF6-BE7A-854D68962955}.Release|iPhoneSimulator.ActiveCfg = Release|x86
		{C47FA45A-9792-4BF6-BE7A-854D68962955}.Release|x64.ActiveCfg = Release|x64
		{C47FA45A-9792-4BF6-BE7A-854D68962955}.Release|x64.Build.0 = Release|x64
		{C47FA45A-9792-4BF6-BE7A-854D68962955}.Release|x64.Deploy.0 = Release|x64
		{C47FA45A-9792-4BF6-BE7A-854D68962955}.Release|x86.ActiveCfg = Release|x86
		{C47FA45A-9792-4BF6-BE7A-854D68962955}.Release|x86.Build.0 = Release|x86
		{C47FA45A-9792-4BF6-BE7A-854D68962955}.Release|x86.Deploy.0 = Release|x86
		{05FDFC03-D87A-438C-B158-8D3C263FFB7A}.Ad-Hoc|Any CPU.ActiveCfg = Debug|Any CPU
		{05FDFC03-D87A-438C-B158-8D3C263FFB7A}.Ad-Hoc|Any CPU.Build.0 = Debug|Any CPU
		{05FDFC03-D87A-438C-B158-8D3C263FFB7A}.Ad-Hoc|ARM.ActiveCfg = Debug|Any CPU
		{05FDFC03-D87A-438C-B158-8D3C263FFB7A}.Ad-Hoc|ARM.Build.0 = Debug|Any CPU
		{05FDFC03-D87A-438C-B158-8D3C263FFB7A}.Ad-Hoc|iPhone.ActiveCfg = Debug|Any CPU
		{05FDFC03-D87A-438C-B158-8D3C263FFB7A}.Ad-Hoc|iPhone.Build.0 = Debug|Any CPU
		{05FDFC03-D87A-438C-B158-8D3C263FFB7A}.Ad-Hoc|iPhoneSimulator.ActiveCfg = Debug|Any CPU
		{05FDFC03-D87A-438C-B158-8D3C263FFB7A}.Ad-Hoc|iPhoneSimulator.Build.0 = Debug|Any CPU
		{05FDFC03-D87A-438C-B158-8D3C263FFB7A}.Ad-Hoc|x64.ActiveCfg = Debug|Any CPU
		{05FDFC03-D87A-438C-B158-8D3C263FFB7A}.Ad-Hoc|x64.Build.0 = Debug|Any CPU
		{05FDFC03-D87A-438C-B158-8D3C263FFB7A}.Ad-Hoc|x86.ActiveCfg = Debug|Any CPU
		{05FDFC03-D87A-438C-B158-8D3C263FFB7A}.Ad-Hoc|x86.Build.0 = Debug|Any CPU
		{05FDFC03-D87A-438C-B158-8D3C263FFB7A}.AppStore|Any CPU.ActiveCfg = Debug|Any CPU
		{05FDFC03-D87A-438C-B158-8D3C263FFB7A}.AppStore|Any CPU.Build.0 = Debug|Any CPU
		{05FDFC03-D87A-438C-B158-8D3C263FFB7A}.AppStore|ARM.ActiveCfg = Debug|Any CPU
		{05FDFC03-D87A-438C-B158-8D3C263FFB7A}.AppStore|ARM.Build.0 = Debug|Any CPU
		{05FDFC03-D87A-438C-B158-8D3C263FFB7A}.AppStore|iPhone.ActiveCfg = Debug|Any CPU
		{05FDFC03-D87A-438C-B158-8D3C263FFB7A}.AppStore|iPhone.Build.0 = Debug|Any CPU
		{05FDFC03-D87A-438C-B158-8D3C263FFB7A}.AppStore|iPhoneSimulator.ActiveCfg = Debug|Any CPU
		{05FDFC03-D87A-438C-B158-8D3C263FFB7A}.AppStore|iPhoneSimulator.Build.0 = Debug|Any CPU
		{05FDFC03-D87A-438C-B158-8D3C263FFB7A}.AppStore|x64.ActiveCfg = Debug|Any CPU
		{05FDFC03-D87A-438C-B158-8D3C263FFB7A}.AppStore|x64.Build.0 = Debug|Any CPU
		{05FDFC03-D87A-438C-B158-8D3C263FFB7A}.AppStore|x86.ActiveCfg = Debug|Any CPU
		{05FDFC03-D87A-438C-B158-8D3C263FFB7A}.AppStore|x86.Build.0 = Debug|Any CPU
		{05FDFC03-D87A-438C-B158-8D3C263FFB7A}.Debug|Any CPU.ActiveCfg = Debug|Any CPU
		{05FDFC03-D87A-438C-B158-8D3C263FFB7A}.Debug|Any CPU.Build.0 = Debug|Any CPU
		{05FDFC03-D87A-438C-B158-8D3C263FFB7A}.Debug|ARM.ActiveCfg = Debug|Any CPU
		{05FDFC03-D87A-438C-B158-8D3C263FFB7A}.Debug|ARM.Build.0 = Debug|Any CPU
		{05FDFC03-D87A-438C-B158-8D3C263FFB7A}.Debug|iPhone.ActiveCfg = Debug|Any CPU
		{05FDFC03-D87A-438C-B158-8D3C263FFB7A}.Debug|iPhone.Build.0 = Debug|Any CPU
		{05FDFC03-D87A-438C-B158-8D3C263FFB7A}.Debug|iPhoneSimulator.ActiveCfg = Debug|Any CPU
		{05FDFC03-D87A-438C-B158-8D3C263FFB7A}.Debug|iPhoneSimulator.Build.0 = Debug|Any CPU
		{05FDFC03-D87A-438C-B158-8D3C263FFB7A}.Debug|x64.ActiveCfg = Debug|Any CPU
		{05FDFC03-D87A-438C-B158-8D3C263FFB7A}.Debug|x64.Build.0 = Debug|Any CPU
		{05FDFC03-D87A-438C-B158-8D3C263FFB7A}.Debug|x86.ActiveCfg = Debug|Any CPU
		{05FDFC03-D87A-438C-B158-8D3C263FFB7A}.Debug|x86.Build.0 = Debug|Any CPU
		{05FDFC03-D87A-438C-B158-8D3C263FFB7A}.Release|Any CPU.ActiveCfg = Release|Any CPU
		{05FDFC03-D87A-438C-B158-8D3C263FFB7A}.Release|Any CPU.Build.0 = Release|Any CPU
		{05FDFC03-D87A-438C-B158-8D3C263FFB7A}.Release|ARM.ActiveCfg = Release|Any CPU
		{05FDFC03-D87A-438C-B158-8D3C263FFB7A}.Release|ARM.Build.0 = Release|Any CPU
		{05FDFC03-D87A-438C-B158-8D3C263FFB7A}.Release|iPhone.ActiveCfg = Release|Any CPU
		{05FDFC03-D87A-438C-B158-8D3C263FFB7A}.Release|iPhone.Build.0 = Release|Any CPU
		{05FDFC03-D87A-438C-B158-8D3C263FFB7A}.Release|iPhoneSimulator.ActiveCfg = Release|Any CPU
		{05FDFC03-D87A-438C-B158-8D3C263FFB7A}.Release|iPhoneSimulator.Build.0 = Release|Any CPU
		{05FDFC03-D87A-438C-B158-8D3C263FFB7A}.Release|x64.ActiveCfg = Release|Any CPU
		{05FDFC03-D87A-438C-B158-8D3C263FFB7A}.Release|x64.Build.0 = Release|Any CPU
		{05FDFC03-D87A-438C-B158-8D3C263FFB7A}.Release|x86.ActiveCfg = Release|Any CPU
		{05FDFC03-D87A-438C-B158-8D3C263FFB7A}.Release|x86.Build.0 = Release|Any CPU
	EndGlobalSection
	GlobalSection(SolutionProperties) = preSolution
		HideSolutionNode = FALSE
	EndGlobalSection
	GlobalSection(ExtensibilityGlobals) = postSolution
		SolutionGuid = {D6B50010-EA6B-44C0-89C2-D59D0485C848}
	EndGlobalSection
EndGlobal
